
Microsoft Visual Studio Solution File, Format Version 12.00
# Visual Studio Version 17
VisualStudioVersion = 17.2.32602.215
MinimumVisualStudioVersion = 10.0.40219.1
Project("{9A19103F-16F7-4668-BE54-9A1E7A4F7556}") = "DeSchatjesApi", "DeSchatjesApi.csproj", "{CAAB1072-05B6-4ADF-9CD3-FA9D92887ABF}"
EndProject
Global
	GlobalSection(SolutionConfigurationPlatforms) = preSolution
		Debug|Any CPU = Debug|Any CPU
		Release|Any CPU = Release|Any CPU
	EndGlobalSection
	GlobalSection(ProjectConfigurationPlatforms) = postSolution
		{CAAB1072-05B6-4ADF-9CD3-FA9D92887ABF}.Debug|Any CPU.ActiveCfg = Debug|Any CPU
		{CAAB1072-05B6-4ADF-9CD3-FA9D92887ABF}.Debug|Any CPU.Build.0 = Debug|Any CPU
		{CAAB1072-05B6-4ADF-9CD3-FA9D92887ABF}.Release|Any CPU.ActiveCfg = Release|Any CPU
		{CAAB1072-05B6-4ADF-9CD3-FA9D92887ABF}.Release|Any CPU.Build.0 = Release|Any CPU
	EndGlobalSection
	GlobalSection(SolutionProperties) = preSolution
		HideSolutionNode = FALSE
	EndGlobalSection
	GlobalSection(ExtensibilityGlobals) = postSolution
		SolutionGuid = {710C8CE6-BE2A-4EF3-97E5-1B6C95EE47AE}
	EndGlobalSection
EndGlobal
